
Microsoft Visual Studio Solution File, Format Version 12.00
# Visual Studio Version 17
VisualStudioVersion = 17.7.34221.43
MinimumVisualStudioVersion = 10.0.40219.1
Project("{FAE04EC0-301F-11D3-BF4B-00C04F79EFBC}") = "DU4", "DU4\DU4.csproj", "{C82B4903-3B74-4B6C-83A8-82F7F39101F8}"
EndProject
Global
	GlobalSection(SolutionConfigurationPlatforms) = preSolution
		Debug|Any CPU = Debug|Any CPU
		Release|Any CPU = Release|Any CPU
	EndGlobalSection
	GlobalSection(ProjectConfigurationPlatforms) = postSolution
		{C82B4903-3B74-4B6C-83A8-82F7F39101F8}.Debug|Any CPU.ActiveCfg = Debug|Any CPU
		{C82B4903-3B74-4B6C-83A8-82F7F39101F8}.Debug|Any CPU.Build.0 = Debug|Any CPU
		{C82B4903-3B74-4B6C-83A8-82F7F39101F8}.Release|Any CPU.ActiveCfg = Release|Any CPU
		{C82B4903-3B74-4B6C-83A8-82F7F39101F8}.Release|Any CPU.Build.0 = Release|Any CPU
	EndGlobalSection
	GlobalSection(SolutionProperties) = preSolution
		HideSolutionNode = FALSE
	EndGlobalSection
	GlobalSection(ExtensibilityGlobals) = postSolution
		SolutionGuid = {F6E26158-FF9D-40AD-A405-2C13C44742E0}
	EndGlobalSection
EndGlobal
