
Microsoft Visual Studio Solution File, Format Version 12.00
Project("{FAE04EC0-301F-11D3-BF4B-00C04F79EFBC}") = "BlazorApp1", "BlazorApp1\BlazorApp1.csproj", "{54641171-14A6-48B0-B2E4-54B72242FFB8}"
EndProject
Project("{FAE04EC0-301F-11D3-BF4B-00C04F79EFBC}") = "DataLibrary", "DataLibrary\DataLibrary.csproj", "{2D75FD56-AA0D-47F9-A629-DEB54BC8F609}"
EndProject
Global
	GlobalSection(SolutionConfigurationPlatforms) = preSolution
		Debug|Any CPU = Debug|Any CPU
		Release|Any CPU = Release|Any CPU
	EndGlobalSection
	GlobalSection(ProjectConfigurationPlatforms) = postSolution
		{54641171-14A6-48B0-B2E4-54B72242FFB8}.Debug|Any CPU.ActiveCfg = Debug|Any CPU
		{54641171-14A6-48B0-B2E4-54B72242FFB8}.Debug|Any CPU.Build.0 = Debug|Any CPU
		{54641171-14A6-48B0-B2E4-54B72242FFB8}.Release|Any CPU.ActiveCfg = Release|Any CPU
		{54641171-14A6-48B0-B2E4-54B72242FFB8}.Release|Any CPU.Build.0 = Release|Any CPU
		{2D75FD56-AA0D-47F9-A629-DEB54BC8F609}.Debug|Any CPU.ActiveCfg = Debug|Any CPU
		{2D75FD56-AA0D-47F9-A629-DEB54BC8F609}.Debug|Any CPU.Build.0 = Debug|Any CPU
		{2D75FD56-AA0D-47F9-A629-DEB54BC8F609}.Release|Any CPU.ActiveCfg = Release|Any CPU
		{2D75FD56-AA0D-47F9-A629-DEB54BC8F609}.Release|Any CPU.Build.0 = Release|Any CPU
	EndGlobalSection
EndGlobal
