
Microsoft Visual Studio Solution File, Format Version 12.00
# Visual Studio Version 17
VisualStudioVersion = 17.9.34723.18
MinimumVisualStudioVersion = 10.0.40219.1
Project("{FAE04EC0-301F-11D3-BF4B-00C04F79EFBC}") = "DS2", "DS2\DS2.csproj", "{E8F9876E-3202-44B1-9F7A-1EE98E572671}"
EndProject
Global
	GlobalSection(SolutionConfigurationPlatforms) = preSolution
		Debug|Any CPU = Debug|Any CPU
		Release|Any CPU = Release|Any CPU
	EndGlobalSection
	GlobalSection(ProjectConfigurationPlatforms) = postSolution
		{E8F9876E-3202-44B1-9F7A-1EE98E572671}.Debug|Any CPU.ActiveCfg = Debug|Any CPU
		{E8F9876E-3202-44B1-9F7A-1EE98E572671}.Debug|Any CPU.Build.0 = Debug|Any CPU
		{E8F9876E-3202-44B1-9F7A-1EE98E572671}.Release|Any CPU.ActiveCfg = Release|Any CPU
		{E8F9876E-3202-44B1-9F7A-1EE98E572671}.Release|Any CPU.Build.0 = Release|Any CPU
	EndGlobalSection
	GlobalSection(SolutionProperties) = preSolution
		HideSolutionNode = FALSE
	EndGlobalSection
	GlobalSection(ExtensibilityGlobals) = postSolution
		SolutionGuid = {3EEF0A36-C6D2-4157-A866-EF252A547025}
	EndGlobalSection
EndGlobal
