
Microsoft Visual Studio Solution File, Format Version 12.00
# Visual Studio Version 17
VisualStudioVersion = 17.7.34221.43
MinimumVisualStudioVersion = 10.0.40219.1
Project("{FAE04EC0-301F-11D3-BF4B-00C04F79EFBC}") = "Test1", "Test1\Test1.csproj", "{439C9CC7-30DE-4101-9793-619FD8DAFC95}"
EndProject
Project("{FAE04EC0-301F-11D3-BF4B-00C04F79EFBC}") = "VehicleDatabaseLib", "VehicleDatabase\VehicleDatabaseLib.csproj", "{81B2CEB4-91B3-4049-8358-A84F544EE457}"
EndProject
Global
	GlobalSection(SolutionConfigurationPlatforms) = preSolution
		Debug|Any CPU = Debug|Any CPU
		Release|Any CPU = Release|Any CPU
	EndGlobalSection
	GlobalSection(ProjectConfigurationPlatforms) = postSolution
		{439C9CC7-30DE-4101-9793-619FD8DAFC95}.Debug|Any CPU.ActiveCfg = Debug|Any CPU
		{439C9CC7-30DE-4101-9793-619FD8DAFC95}.Debug|Any CPU.Build.0 = Debug|Any CPU
		{439C9CC7-30DE-4101-9793-619FD8DAFC95}.Release|Any CPU.ActiveCfg = Release|Any CPU
		{439C9CC7-30DE-4101-9793-619FD8DAFC95}.Release|Any CPU.Build.0 = Release|Any CPU
		{81B2CEB4-91B3-4049-8358-A84F544EE457}.Debug|Any CPU.ActiveCfg = Debug|Any CPU
		{81B2CEB4-91B3-4049-8358-A84F544EE457}.Debug|Any CPU.Build.0 = Debug|Any CPU
		{81B2CEB4-91B3-4049-8358-A84F544EE457}.Release|Any CPU.ActiveCfg = Release|Any CPU
		{81B2CEB4-91B3-4049-8358-A84F544EE457}.Release|Any CPU.Build.0 = Release|Any CPU
	EndGlobalSection
	GlobalSection(SolutionProperties) = preSolution
		HideSolutionNode = FALSE
	EndGlobalSection
	GlobalSection(ExtensibilityGlobals) = postSolution
		SolutionGuid = {505D0E03-56B5-443D-8BA0-087EBFB77EFE}
	EndGlobalSection
EndGlobal
