
Microsoft Visual Studio Solution File, Format Version 12.00
# Visual Studio Version 17
VisualStudioVersion = 17.7.34031.279
MinimumVisualStudioVersion = 10.0.40219.1
Project("{FAE04EC0-301F-11D3-BF4B-00C04F79EFBC}") = "C06", "C06\C06.csproj", "{7EBDB98C-9127-4FC4-841A-A891B84E3358}"
EndProject
Global
	GlobalSection(SolutionConfigurationPlatforms) = preSolution
		Debug|Any CPU = Debug|Any CPU
		Release|Any CPU = Release|Any CPU
	EndGlobalSection
	GlobalSection(ProjectConfigurationPlatforms) = postSolution
		{7EBDB98C-9127-4FC4-841A-A891B84E3358}.Debug|Any CPU.ActiveCfg = Debug|Any CPU
		{7EBDB98C-9127-4FC4-841A-A891B84E3358}.Debug|Any CPU.Build.0 = Debug|Any CPU
		{7EBDB98C-9127-4FC4-841A-A891B84E3358}.Release|Any CPU.ActiveCfg = Release|Any CPU
		{7EBDB98C-9127-4FC4-841A-A891B84E3358}.Release|Any CPU.Build.0 = Release|Any CPU
	EndGlobalSection
	GlobalSection(SolutionProperties) = preSolution
		HideSolutionNode = FALSE
	EndGlobalSection
	GlobalSection(ExtensibilityGlobals) = postSolution
		SolutionGuid = {070366D5-0000-42E9-9592-86CDC7EC5CE5}
	EndGlobalSection
EndGlobal
