
Microsoft Visual Studio Solution File, Format Version 12.00
# Visual Studio Version 17
VisualStudioVersion = 17.7.34031.279
MinimumVisualStudioVersion = 10.0.40219.1
Project("{FAE04EC0-301F-11D3-BF4B-00C04F79EFBC}") = "DU2", "DU2\DU2.csproj", "{8AD84839-C361-41B4-8B3B-59FAABD12015}"
EndProject
Global
	GlobalSection(SolutionConfigurationPlatforms) = preSolution
		Debug|Any CPU = Debug|Any CPU
		Release|Any CPU = Release|Any CPU
	EndGlobalSection
	GlobalSection(ProjectConfigurationPlatforms) = postSolution
		{8AD84839-C361-41B4-8B3B-59FAABD12015}.Debug|Any CPU.ActiveCfg = Debug|Any CPU
		{8AD84839-C361-41B4-8B3B-59FAABD12015}.Debug|Any CPU.Build.0 = Debug|Any CPU
		{8AD84839-C361-41B4-8B3B-59FAABD12015}.Release|Any CPU.ActiveCfg = Release|Any CPU
		{8AD84839-C361-41B4-8B3B-59FAABD12015}.Release|Any CPU.Build.0 = Release|Any CPU
	EndGlobalSection
	GlobalSection(SolutionProperties) = preSolution
		HideSolutionNode = FALSE
	EndGlobalSection
	GlobalSection(ExtensibilityGlobals) = postSolution
		SolutionGuid = {CFE2D570-28DE-4570-9984-9192E1BA0220}
	EndGlobalSection
EndGlobal
