
Microsoft Visual Studio Solution File, Format Version 12.00
# Visual Studio Version 17
VisualStudioVersion = 17.7.34031.279
MinimumVisualStudioVersion = 10.0.40219.1
Project("{FAE04EC0-301F-11D3-BF4B-00C04F79EFBC}") = "DU1", "DU1\DU1.csproj", "{2E611953-64BD-492E-8CC7-7C6A3AC69FA6}"
EndProject
Global
	GlobalSection(SolutionConfigurationPlatforms) = preSolution
		Debug|Any CPU = Debug|Any CPU
		Release|Any CPU = Release|Any CPU
	EndGlobalSection
	GlobalSection(ProjectConfigurationPlatforms) = postSolution
		{2E611953-64BD-492E-8CC7-7C6A3AC69FA6}.Debug|Any CPU.ActiveCfg = Debug|Any CPU
		{2E611953-64BD-492E-8CC7-7C6A3AC69FA6}.Debug|Any CPU.Build.0 = Debug|Any CPU
		{2E611953-64BD-492E-8CC7-7C6A3AC69FA6}.Release|Any CPU.ActiveCfg = Release|Any CPU
		{2E611953-64BD-492E-8CC7-7C6A3AC69FA6}.Release|Any CPU.Build.0 = Release|Any CPU
	EndGlobalSection
	GlobalSection(SolutionProperties) = preSolution
		HideSolutionNode = FALSE
	EndGlobalSection
	GlobalSection(ExtensibilityGlobals) = postSolution
		SolutionGuid = {8F164152-150C-4D20-B365-081D93816224}
	EndGlobalSection
EndGlobal
