
Microsoft Visual Studio Solution File, Format Version 12.00
# Visual Studio Version 17
VisualStudioVersion = 17.7.34031.279
MinimumVisualStudioVersion = 10.0.40219.1
Project("{FAE04EC0-301F-11D3-BF4B-00C04F79EFBC}") = "C04", "C04\C04.csproj", "{55F1AC8D-27A7-4DB5-9B2C-763B08C275A8}"
	ProjectSection(ProjectDependencies) = postProject
		{B472E366-2E7D-4B13-88AE-8E1734D7D8B6} = {B472E366-2E7D-4B13-88AE-8E1734D7D8B6}
	EndProjectSection
EndProject
Project("{FAE04EC0-301F-11D3-BF4B-00C04F79EFBC}") = "Database", "Database\Database.csproj", "{B472E366-2E7D-4B13-88AE-8E1734D7D8B6}"
EndProject
Global
	GlobalSection(SolutionConfigurationPlatforms) = preSolution
		Debug|Any CPU = Debug|Any CPU
		Release|Any CPU = Release|Any CPU
	EndGlobalSection
	GlobalSection(ProjectConfigurationPlatforms) = postSolution
		{55F1AC8D-27A7-4DB5-9B2C-763B08C275A8}.Debug|Any CPU.ActiveCfg = Debug|Any CPU
		{55F1AC8D-27A7-4DB5-9B2C-763B08C275A8}.Debug|Any CPU.Build.0 = Debug|Any CPU
		{55F1AC8D-27A7-4DB5-9B2C-763B08C275A8}.Release|Any CPU.ActiveCfg = Release|Any CPU
		{55F1AC8D-27A7-4DB5-9B2C-763B08C275A8}.Release|Any CPU.Build.0 = Release|Any CPU
		{B472E366-2E7D-4B13-88AE-8E1734D7D8B6}.Debug|Any CPU.ActiveCfg = Debug|Any CPU
		{B472E366-2E7D-4B13-88AE-8E1734D7D8B6}.Debug|Any CPU.Build.0 = Debug|Any CPU
		{B472E366-2E7D-4B13-88AE-8E1734D7D8B6}.Release|Any CPU.ActiveCfg = Release|Any CPU
		{B472E366-2E7D-4B13-88AE-8E1734D7D8B6}.Release|Any CPU.Build.0 = Release|Any CPU
	EndGlobalSection
	GlobalSection(SolutionProperties) = preSolution
		HideSolutionNode = FALSE
	EndGlobalSection
	GlobalSection(ExtensibilityGlobals) = postSolution
		SolutionGuid = {904FA659-ABFE-4E5B-B9AD-CD99B947A1A0}
	EndGlobalSection
EndGlobal
