
Microsoft Visual Studio Solution File, Format Version 12.00
# Visual Studio Version 17
VisualStudioVersion = 17.7.34031.279
MinimumVisualStudioVersion = 10.0.40219.1
Project("{FAE04EC0-301F-11D3-BF4B-00C04F79EFBC}") = "C2", "C2\C2.csproj", "{9222EA39-CF78-49F5-ABD6-B12A721A28E8}"
EndProject
Global
	GlobalSection(SolutionConfigurationPlatforms) = preSolution
		Debug|Any CPU = Debug|Any CPU
		Release|Any CPU = Release|Any CPU
	EndGlobalSection
	GlobalSection(ProjectConfigurationPlatforms) = postSolution
		{9222EA39-CF78-49F5-ABD6-B12A721A28E8}.Debug|Any CPU.ActiveCfg = Debug|Any CPU
		{9222EA39-CF78-49F5-ABD6-B12A721A28E8}.Debug|Any CPU.Build.0 = Debug|Any CPU
		{9222EA39-CF78-49F5-ABD6-B12A721A28E8}.Release|Any CPU.ActiveCfg = Release|Any CPU
		{9222EA39-CF78-49F5-ABD6-B12A721A28E8}.Release|Any CPU.Build.0 = Release|Any CPU
	EndGlobalSection
	GlobalSection(SolutionProperties) = preSolution
		HideSolutionNode = FALSE
	EndGlobalSection
	GlobalSection(ExtensibilityGlobals) = postSolution
		SolutionGuid = {AB41743A-8E08-4966-9DDF-EF632C685EF4}
	EndGlobalSection
EndGlobal
