# This file is automatically @generated by Cargo.
# It is not intended for manual editing.
version = 4

[[package]]
name = "insta"
version = "1.43.2"
source = "registry+https://github.com/rust-lang/crates.io-index"
checksum = "46fdb647ebde000f43b5b53f773c30cf9b0cb4300453208713fa38b2c70935a0"
dependencies = [
 "once_cell",
 "similar",
]

[[package]]
name = "once_cell"
version = "1.21.3"
source = "registry+https://github.com/rust-lang/crates.io-index"
checksum = "42f5e15c9953c5e4ccceeb2e7382a716482c34515315f7b03532b8b4e8393d2d"

[[package]]
name = "similar"
version = "2.7.0"
source = "registry+https://github.com/rust-lang/crates.io-index"
checksum = "bbbb5d9659141646ae647b42fe094daf6c6192d1620870b449d9557f748b2daa"

[[package]]
name = "week05"
version = "0.1.0"
dependencies = [
 "insta",
]
