
Microsoft Visual Studio Solution File, Format Version 12.00
# Visual Studio Version 17
VisualStudioVersion = 17.7.34221.43
MinimumVisualStudioVersion = 10.0.40219.1
Project("{FAE04EC0-301F-11D3-BF4B-00C04F79EFBC}") = "C08", "C08\C08.csproj", "{6F362C95-4A60-44B9-A124-F4C8AD94B762}"
EndProject
Project("{FAE04EC0-301F-11D3-BF4B-00C04F79EFBC}") = "StockLib", "Sklad\StockLib.csproj", "{75B2F58E-F1AD-44B8-8095-D1947566A89C}"
EndProject
Global
	GlobalSection(SolutionConfigurationPlatforms) = preSolution
		Debug|Any CPU = Debug|Any CPU
		Release|Any CPU = Release|Any CPU
	EndGlobalSection
	GlobalSection(ProjectConfigurationPlatforms) = postSolution
		{6F362C95-4A60-44B9-A124-F4C8AD94B762}.Debug|Any CPU.ActiveCfg = Debug|Any CPU
		{6F362C95-4A60-44B9-A124-F4C8AD94B762}.Debug|Any CPU.Build.0 = Debug|Any CPU
		{6F362C95-4A60-44B9-A124-F4C8AD94B762}.Release|Any CPU.ActiveCfg = Release|Any CPU
		{6F362C95-4A60-44B9-A124-F4C8AD94B762}.Release|Any CPU.Build.0 = Release|Any CPU
		{75B2F58E-F1AD-44B8-8095-D1947566A89C}.Debug|Any CPU.ActiveCfg = Debug|Any CPU
		{75B2F58E-F1AD-44B8-8095-D1947566A89C}.Debug|Any CPU.Build.0 = Debug|Any CPU
		{75B2F58E-F1AD-44B8-8095-D1947566A89C}.Release|Any CPU.ActiveCfg = Release|Any CPU
		{75B2F58E-F1AD-44B8-8095-D1947566A89C}.Release|Any CPU.Build.0 = Release|Any CPU
	EndGlobalSection
	GlobalSection(SolutionProperties) = preSolution
		HideSolutionNode = FALSE
	EndGlobalSection
	GlobalSection(ExtensibilityGlobals) = postSolution
		SolutionGuid = {C4020769-09D1-4813-A343-63AD0D30AE1C}
	EndGlobalSection
EndGlobal
