
Microsoft Visual Studio Solution File, Format Version 12.00
# Visual Studio Version 17
VisualStudioVersion = 17.5.002.0
MinimumVisualStudioVersion = 10.0.40219.1
Project("{9A19103F-16F7-4668-BE54-9A1E7A4F7556}") = "C1", "C1.csproj", "{DCF23C5B-680F-451C-8B8D-5BEAFB2AA439}"
EndProject
Global
	GlobalSection(SolutionConfigurationPlatforms) = preSolution
		Debug|Any CPU = Debug|Any CPU
		Release|Any CPU = Release|Any CPU
	EndGlobalSection
	GlobalSection(ProjectConfigurationPlatforms) = postSolution
		{DCF23C5B-680F-451C-8B8D-5BEAFB2AA439}.Debug|Any CPU.ActiveCfg = Debug|Any CPU
		{DCF23C5B-680F-451C-8B8D-5BEAFB2AA439}.Debug|Any CPU.Build.0 = Debug|Any CPU
		{DCF23C5B-680F-451C-8B8D-5BEAFB2AA439}.Release|Any CPU.ActiveCfg = Release|Any CPU
		{DCF23C5B-680F-451C-8B8D-5BEAFB2AA439}.Release|Any CPU.Build.0 = Release|Any CPU
	EndGlobalSection
	GlobalSection(SolutionProperties) = preSolution
		HideSolutionNode = FALSE
	EndGlobalSection
	GlobalSection(ExtensibilityGlobals) = postSolution
		SolutionGuid = {2681B5FB-A3FE-4102-BD20-7F53FDDEE005}
	EndGlobalSection
EndGlobal
