
Microsoft Visual Studio Solution File, Format Version 12.00
# Visual Studio Version 17
VisualStudioVersion = 17.9.34607.119
MinimumVisualStudioVersion = 10.0.40219.1
Project("{FAE04EC0-301F-11D3-BF4B-00C04F79EFBC}") = "C05", "C05\C05.csproj", "{572DACB4-2153-43CF-9AB1-D1C22DC3452A}"
EndProject
Global
	GlobalSection(SolutionConfigurationPlatforms) = preSolution
		Debug|Any CPU = Debug|Any CPU
		Release|Any CPU = Release|Any CPU
	EndGlobalSection
	GlobalSection(ProjectConfigurationPlatforms) = postSolution
		{572DACB4-2153-43CF-9AB1-D1C22DC3452A}.Debug|Any CPU.ActiveCfg = Debug|Any CPU
		{572DACB4-2153-43CF-9AB1-D1C22DC3452A}.Debug|Any CPU.Build.0 = Debug|Any CPU
		{572DACB4-2153-43CF-9AB1-D1C22DC3452A}.Release|Any CPU.ActiveCfg = Release|Any CPU
		{572DACB4-2153-43CF-9AB1-D1C22DC3452A}.Release|Any CPU.Build.0 = Release|Any CPU
	EndGlobalSection
	GlobalSection(SolutionProperties) = preSolution
		HideSolutionNode = FALSE
	EndGlobalSection
	GlobalSection(ExtensibilityGlobals) = postSolution
		SolutionGuid = {501EE829-881D-4306-ACB5-DA0EA1C61A2F}
	EndGlobalSection
EndGlobal
